
Microsoft Visual Studio Solution File, Format Version 12.00
# Visual Studio Version 17
VisualStudioVersion = 17.13.35931.197 d17.13
MinimumVisualStudioVersion = 10.0.40219.1
Project("{FAE04EC0-301F-11D3-BF4B-00C04F79EFBC}") = "Inventario", "Inventario\Inventario.csproj", "{81A36B82-AD57-4A9E-86B3-8FB594327E6F}"
EndProject
Global
	GlobalSection(SolutionConfigurationPlatforms) = preSolution
		Debug|Any CPU = Debug|Any CPU
		Release|Any CPU = Release|Any CPU
	EndGlobalSection
	GlobalSection(ProjectConfigurationPlatforms) = postSolution
		{81A36B82-AD57-4A9E-86B3-8FB594327E6F}.Debug|Any CPU.ActiveCfg = Debug|Any CPU
		{81A36B82-AD57-4A9E-86B3-8FB594327E6F}.Debug|Any CPU.Build.0 = Debug|Any CPU
		{81A36B82-AD57-4A9E-86B3-8FB594327E6F}.Release|Any CPU.ActiveCfg = Release|Any CPU
		{81A36B82-AD57-4A9E-86B3-8FB594327E6F}.Release|Any CPU.Build.0 = Release|Any CPU
	EndGlobalSection
	GlobalSection(SolutionProperties) = preSolution
		HideSolutionNode = FALSE
	EndGlobalSection
	GlobalSection(ExtensibilityGlobals) = postSolution
		SolutionGuid = {E7DC3A63-DBA7-4E9F-A085-20F532F8CE82}
	EndGlobalSection
EndGlobal
