
Microsoft Visual Studio Solution File, Format Version 12.00
# Visual Studio Version 17
VisualStudioVersion = 17.13.35913.81 d17.13
MinimumVisualStudioVersion = 10.0.40219.1
Project("{FAE04EC0-301F-11D3-BF4B-00C04F79EFBC}") = "Inventario", "Inventario\Inventario.csproj", "{5C25EBB5-D7ED-4887-BBB3-2CBACE0D464D}"
EndProject
Global
	GlobalSection(SolutionConfigurationPlatforms) = preSolution
		Debug|Any CPU = Debug|Any CPU
		Release|Any CPU = Release|Any CPU
	EndGlobalSection
	GlobalSection(ProjectConfigurationPlatforms) = postSolution
		{5C25EBB5-D7ED-4887-BBB3-2CBACE0D464D}.Debug|Any CPU.ActiveCfg = Debug|Any CPU
		{5C25EBB5-D7ED-4887-BBB3-2CBACE0D464D}.Debug|Any CPU.Build.0 = Debug|Any CPU
		{5C25EBB5-D7ED-4887-BBB3-2CBACE0D464D}.Release|Any CPU.ActiveCfg = Release|Any CPU
		{5C25EBB5-D7ED-4887-BBB3-2CBACE0D464D}.Release|Any CPU.Build.0 = Release|Any CPU
	EndGlobalSection
	GlobalSection(SolutionProperties) = preSolution
		HideSolutionNode = FALSE
	EndGlobalSection
	GlobalSection(ExtensibilityGlobals) = postSolution
		SolutionGuid = {C90F44AE-7336-4067-824B-8E2D37573990}
	EndGlobalSection
EndGlobal
